
Microsoft Visual Studio Solution File, Format Version 12.00
# Visual Studio Version 17
VisualStudioVersion = 17.0.31903.59
MinimumVisualStudioVersion = 10.0.40219.1
Project("{FAE04EC0-301F-11D3-BF4B-00C04F79EFBC}") = "Modelo", "Modelo\Modelo.csproj", "{13A2828D-87D8-4681-95E6-642E5374083B}"
EndProject
Project("{FAE04EC0-301F-11D3-BF4B-00C04F79EFBC}") = "Persistencia", "Persistencia\Persistencia.csproj", "{C51B1B1B-64FF-4746-8A80-1CB6BB678032}"
EndProject
Project("{FAE04EC0-301F-11D3-BF4B-00C04F79EFBC}") = "Aplicacion", "Aplicacion\Aplicacion.csproj", "{D59E7567-CAD3-4B7F-8914-198EE014DB01}"
EndProject
Project("{FAE04EC0-301F-11D3-BF4B-00C04F79EFBC}") = "WebApi", "WebApi\WebApi.csproj", "{BDC88091-A76F-4867-B3D5-C7D940C0CD45}"
EndProject
Global
	GlobalSection(SolutionConfigurationPlatforms) = preSolution
		Debug|Any CPU = Debug|Any CPU
		Release|Any CPU = Release|Any CPU
	EndGlobalSection
	GlobalSection(SolutionProperties) = preSolution
		HideSolutionNode = FALSE
	EndGlobalSection
	GlobalSection(ProjectConfigurationPlatforms) = postSolution
		{13A2828D-87D8-4681-95E6-642E5374083B}.Debug|Any CPU.ActiveCfg = Debug|Any CPU
		{13A2828D-87D8-4681-95E6-642E5374083B}.Debug|Any CPU.Build.0 = Debug|Any CPU
		{13A2828D-87D8-4681-95E6-642E5374083B}.Release|Any CPU.ActiveCfg = Release|Any CPU
		{13A2828D-87D8-4681-95E6-642E5374083B}.Release|Any CPU.Build.0 = Release|Any CPU
		{C51B1B1B-64FF-4746-8A80-1CB6BB678032}.Debug|Any CPU.ActiveCfg = Debug|Any CPU
		{C51B1B1B-64FF-4746-8A80-1CB6BB678032}.Debug|Any CPU.Build.0 = Debug|Any CPU
		{C51B1B1B-64FF-4746-8A80-1CB6BB678032}.Release|Any CPU.ActiveCfg = Release|Any CPU
		{C51B1B1B-64FF-4746-8A80-1CB6BB678032}.Release|Any CPU.Build.0 = Release|Any CPU
		{D59E7567-CAD3-4B7F-8914-198EE014DB01}.Debug|Any CPU.ActiveCfg = Debug|Any CPU
		{D59E7567-CAD3-4B7F-8914-198EE014DB01}.Debug|Any CPU.Build.0 = Debug|Any CPU
		{D59E7567-CAD3-4B7F-8914-198EE014DB01}.Release|Any CPU.ActiveCfg = Release|Any CPU
		{D59E7567-CAD3-4B7F-8914-198EE014DB01}.Release|Any CPU.Build.0 = Release|Any CPU
		{BDC88091-A76F-4867-B3D5-C7D940C0CD45}.Debug|Any CPU.ActiveCfg = Debug|Any CPU
		{BDC88091-A76F-4867-B3D5-C7D940C0CD45}.Debug|Any CPU.Build.0 = Debug|Any CPU
		{BDC88091-A76F-4867-B3D5-C7D940C0CD45}.Release|Any CPU.ActiveCfg = Release|Any CPU
		{BDC88091-A76F-4867-B3D5-C7D940C0CD45}.Release|Any CPU.Build.0 = Release|Any CPU
	EndGlobalSection
EndGlobal
